<?xml version="1.0" encoding="utf-8"?>
<Project ToolsVersion="4.0" xmlns="http://schemas.microsoft.com/developer/msbuild/2003">
  <ItemGroup>
    <Filter Include="Source Files">
      <UniqueIdentifier>{4FC737F1-C7A5-4376-A066-2A32D752A2FF}</UniqueIdentifier>
      <Extensions>cpp;c;cc;cxx;def;odl;idl;hpj;bat;asm;asmx</Extensions>
    </Filter>
    <Filter Include="Header Files">
      <UniqueIdentifier>{93995380-89BD-4b04-88EB-625FBE52EBFB}</UniqueIdentifier>
      <Extensions>h;hpp;hxx;hm;inl;inc;xsd</Extensions>
    </Filter>
    <Filter Include="Resource Files">
      <UniqueIdentifier>{67DA6AB6-F800-4c08-8B7A-83BB121AAD01}</UniqueIdentifier>
      <Extensions>rc;ico;cur;bmp;dlg;rc2;rct;bin;rgs;gif;jpg;jpeg;jpe;resx;tiff;tif;png;wav;mfcribbon-ms</Extensions>
    </Filter>
    <Filter Include="Source Files\ImageLoader">
      <UniqueIdentifier>{86728313-ca54-4413-9764-2c18d09df96f}</UniqueIdentifier>
    </Filter>
    <Filter Include="Source Files\GRender">
      <UniqueIdentifier>{bd67714a-3ca9-4344-81e2-d6aca8df4268}</UniqueIdentifier>
    </Filter>
    <Filter Include="Source Files\GRender\GDI">
      <UniqueIdentifier>{e7a9be3f-03fe-4683-aaff-e4a6eb2e5c87}</UniqueIdentifier>
    </Filter>
    <Filter Include="Source Files\GRender\FilterParser">
      <UniqueIdentifier>{2513713a-3c9f-47cc-807d-f3ad287aa27f}</UniqueIdentifier>
    </Filter>
  </ItemGroup>
  <ItemGroup>
    <None Include="ReadMe.txt" />
    <None Include="small.ico">
      <Filter>Resource Files</Filter>
    </None>
    <None Include="GDITest.ico">
      <Filter>Resource Files</Filter>
    </None>
  </ItemGroup>
  <ItemGroup>
    <ClInclude Include="stdafx.h">
      <Filter>Header Files</Filter>
    </ClInclude>
    <ClInclude Include="targetver.h">
      <Filter>Header Files</Filter>
    </ClInclude>
    <ClInclude Include="Resource.h">
      <Filter>Header Files</Filter>
    </ClInclude>
    <ClInclude Include="GDITest.h">
      <Filter>Header Files</Filter>
    </ClInclude>
    <ClInclude Include="ImageLoader\ImageDef.h">
      <Filter>Source Files\ImageLoader</Filter>
    </ClInclude>
    <ClInclude Include="ImageLoader\ImageHelper.h">
      <Filter>Source Files\ImageLoader</Filter>
    </ClInclude>
    <ClInclude Include="ImageLoader\BitmapHelper.h">
      <Filter>Source Files\ImageLoader</Filter>
    </ClInclude>
    <ClInclude Include="ImageLoader\SSEHelper.h">
      <Filter>Source Files\ImageLoader</Filter>
    </ClInclude>
    <ClInclude Include="ImageLoader\ImageCacher.h">
      <Filter>Source Files\ImageLoader</Filter>
    </ClInclude>
    <ClInclude Include="GRender\GRender.h">
      <Filter>Source Files\GRender</Filter>
    </ClInclude>
    <ClInclude Include="GRender\Canvas.h">
      <Filter>Source Files\GRender</Filter>
    </ClInclude>
    <ClInclude Include="GRender\GDI\Render_GDI.h">
      <Filter>Source Files\GRender\GDI</Filter>
    </ClInclude>
    <ClInclude Include="GRender\ImageFilterParser.h">
      <Filter>Source Files\GRender\FilterParser</Filter>
    </ClInclude>
    <ClInclude Include="GRender\RenderDef.h">
      <Filter>Source Files\GRender</Filter>
    </ClInclude>
    <ClInclude Include="MainFrame.h">
      <Filter>Source Files</Filter>
    </ClInclude>
  </ItemGroup>
  <ItemGroup>
    <ClCompile Include="stdafx.cpp">
      <Filter>Source Files</Filter>
    </ClCompile>
    <ClCompile Include="GDITest.cpp">
      <Filter>Source Files</Filter>
    </ClCompile>
    <ClCompile Include="ImageLoader\stb_image.c">
      <Filter>Source Files\ImageLoader</Filter>
    </ClCompile>
    <ClCompile Include="ImageLoader\ImageHelper.cpp">
      <Filter>Source Files\ImageLoader</Filter>
    </ClCompile>
    <ClCompile Include="ImageLoader\BitmapHelper.cpp">
      <Filter>Source Files\ImageLoader</Filter>
    </ClCompile>
    <ClCompile Include="ImageLoader\SSEHelper.cpp">
      <Filter>Source Files\ImageLoader</Filter>
    </ClCompile>
    <ClCompile Include="GRender\GRender.cpp">
      <Filter>Source Files\GRender</Filter>
    </ClCompile>
    <ClCompile Include="ImageLoader\ImageCacher.cpp">
      <Filter>Source Files\ImageLoader</Filter>
    </ClCompile>
    <ClCompile Include="GRender\GDI\Render_GDI.cpp">
      <Filter>Source Files\GRender\GDI</Filter>
    </ClCompile>
    <ClCompile Include="GRender\ImageFilterParser.cpp">
      <Filter>Source Files\GRender\FilterParser</Filter>
    </ClCompile>
    <ClCompile Include="MainFrame.cpp">
      <Filter>Source Files</Filter>
    </ClCompile>
  </ItemGroup>
  <ItemGroup>
    <ResourceCompile Include="GDITest.rc">
      <Filter>Resource Files</Filter>
    </ResourceCompile>
  </ItemGroup>
</Project>